
Microsoft Visual Studio Solution File, Format Version 12.00
# Visual Studio Version 16
VisualStudioVersion = 16.0.29009.5
MinimumVisualStudioVersion = 10.0.40219.1
Project("{8BC9CEB8-8B4A-11D0-8D11-00A0C91BC942}") = "bin_to_cfile", "bin_to_cfile\bin_to_cfile.vcxproj", "{B80060E2-D042-4FFD-A2E7-8BE802B0E70D}"
EndProject
Global
	GlobalSection(SolutionConfigurationPlatforms) = preSolution
		Debug|x64 = Debug|x64
		Debug|x86 = Debug|x86
		Release|x64 = Release|x64
		Release|x86 = Release|x86
	EndGlobalSection
	GlobalSection(ProjectConfigurationPlatforms) = postSolution
		{B80060E2-D042-4FFD-A2E7-8BE802B0E70D}.Debug|x64.ActiveCfg = Debug|x64
		{B80060E2-D042-4FFD-A2E7-8BE802B0E70D}.Debug|x64.Build.0 = Debug|x64
		{B80060E2-D042-4FFD-A2E7-8BE802B0E70D}.Debug|x86.ActiveCfg = Debug|Win32
		{B80060E2-D042-4FFD-A2E7-8BE802B0E70D}.Debug|x86.Build.0 = Debug|Win32
		{B80060E2-D042-4FFD-A2E7-8BE802B0E70D}.Release|x64.ActiveCfg = Release|x64
		{B80060E2-D042-4FFD-A2E7-8BE802B0E70D}.Release|x64.Build.0 = Release|x64
		{B80060E2-D042-4FFD-A2E7-8BE802B0E70D}.Release|x86.ActiveCfg = Release|Win32
		{B80060E2-D042-4FFD-A2E7-8BE802B0E70D}.Release|x86.Build.0 = Release|Win32
	EndGlobalSection
	GlobalSection(SolutionProperties) = preSolution
		HideSolutionNode = FALSE
	EndGlobalSection
	GlobalSection(ExtensibilityGlobals) = postSolution
		SolutionGuid = {4F4C9707-94F5-4384-8FD0-B9BAA13D32ED}
	EndGlobalSection
EndGlobal
